
Microsoft Visual Studio Solution File, Format Version 12.00
# Visual Studio Version 16
VisualStudioVersion = 16.0.31729.503
MinimumVisualStudioVersion = 10.0.40219.1
Project("{2150E333-8FDC-42A3-9474-1A3956D46DE8}") = "Services", "Services", "{E0ABB9E3-7171-4B3E-8035-958555AEE089}"
EndProject
Project("{2150E333-8FDC-42A3-9474-1A3956D46DE8}") = "Catalog", "Catalog", "{8C70A937-C002-44C8-B4F8-2E6D3E7BC154}"
EndProject
Project("{FAE04EC0-301F-11D3-BF4B-00C04F79EFBC}") = "FreeCourse.Services.Catalog", "Services\Catalog\FreeCourse.Services.Catalog\FreeCourse.Services.Catalog.csproj", "{977A115C-E3F7-4C60-89AB-857029A71361}"
EndProject
Project("{2150E333-8FDC-42A3-9474-1A3956D46DE8}") = "Solution Items", "Solution Items", "{9FEA1241-71C6-4A4F-AB8B-2EEE46699FBE}"
	ProjectSection(SolutionItems) = preProject
		Ports.txt = Ports.txt
	EndProjectSection
EndProject
Global
	GlobalSection(SolutionConfigurationPlatforms) = preSolution
		Debug|Any CPU = Debug|Any CPU
		Release|Any CPU = Release|Any CPU
	EndGlobalSection
	GlobalSection(ProjectConfigurationPlatforms) = postSolution
		{977A115C-E3F7-4C60-89AB-857029A71361}.Debug|Any CPU.ActiveCfg = Debug|Any CPU
		{977A115C-E3F7-4C60-89AB-857029A71361}.Debug|Any CPU.Build.0 = Debug|Any CPU
		{977A115C-E3F7-4C60-89AB-857029A71361}.Release|Any CPU.ActiveCfg = Release|Any CPU
		{977A115C-E3F7-4C60-89AB-857029A71361}.Release|Any CPU.Build.0 = Release|Any CPU
	EndGlobalSection
	GlobalSection(SolutionProperties) = preSolution
		HideSolutionNode = FALSE
	EndGlobalSection
	GlobalSection(NestedProjects) = preSolution
		{8C70A937-C002-44C8-B4F8-2E6D3E7BC154} = {E0ABB9E3-7171-4B3E-8035-958555AEE089}
		{977A115C-E3F7-4C60-89AB-857029A71361} = {8C70A937-C002-44C8-B4F8-2E6D3E7BC154}
	EndGlobalSection
	GlobalSection(ExtensibilityGlobals) = postSolution
		SolutionGuid = {D370E91D-4C8B-456A-A51D-A55161E6821C}
	EndGlobalSection
EndGlobal
